// !$*UTF8*$!
{
	archiveVersion = 1;
	classes = {
	};
	objectVersion = 50;
	objects = {

/* Begin PBXBuildFile section */
		3E71D14021587E7500D47FF3 /* main.cpp in Sources */ = {isa = PBXBuildFile; fileRef = 3E71D13F21587E7500D47FF3 /* main.cpp */; };
		3E71D14B2159A1DC00D47FF3 /* main.cpp in Sources */ = {isa = PBXBuildFile; fileRef = 3E71D14A2159A1DC00D47FF3 /* main.cpp */; };
		3EC7F6AC215855C100B4090A /* main.cpp in Sources */ = {isa = PBXBuildFile; fileRef = 3EC7F6AB215855C100B4090A /* main.cpp */; };
		3EC7F6B9215858D200B4090A /* main.cpp in Sources */ = {isa = PBXBuildFile; fileRef = 3EC7F6B8215858D200B4090A /* main.cpp */; };
		3EC7F6C4215860A600B4090A /* main.cpp in Sources */ = {isa = PBXBuildFile; fileRef = 3EC7F6C3215860A600B4090A /* main.cpp */; };
		3EC7F6D921587BE100B4090A /* main.cpp in Sources */ = {isa = PBXBuildFile; fileRef = 3EC7F6D821587BE100B4090A /* main.cpp */; };
/* End PBXBuildFile section */

/* Begin PBXCopyFilesBuildPhase section */
		3E71D13B21587E7500D47FF3 /* CopyFiles */ = {
			isa = PBXCopyFilesBuildPhase;
			buildActionMask = 2147483647;
			dstPath = /usr/share/man/man1/;
			dstSubfolderSpec = 0;
			files = (
			);
			runOnlyForDeploymentPostprocessing = 1;
		};
		3E71D1462159A1DC00D47FF3 /* CopyFiles */ = {
			isa = PBXCopyFilesBuildPhase;
			buildActionMask = 2147483647;
			dstPath = /usr/share/man/man1/;
			dstSubfolderSpec = 0;
			files = (
			);
			runOnlyForDeploymentPostprocessing = 1;
		};
		3EC7F6A6215855C100B4090A /* CopyFiles */ = {
			isa = PBXCopyFilesBuildPhase;
			buildActionMask = 2147483647;
			dstPath = /usr/share/man/man1/;
			dstSubfolderSpec = 0;
			files = (
			);
			runOnlyForDeploymentPostprocessing = 1;
		};
		3EC7F6B4215858D200B4090A /* CopyFiles */ = {
			isa = PBXCopyFilesBuildPhase;
			buildActionMask = 2147483647;
			dstPath = /usr/share/man/man1/;
			dstSubfolderSpec = 0;
			files = (
			);
			runOnlyForDeploymentPostprocessing = 1;
		};
		3EC7F6BF215860A600B4090A /* CopyFiles */ = {
			isa = PBXCopyFilesBuildPhase;
			buildActionMask = 2147483647;
			dstPath = /usr/share/man/man1/;
			dstSubfolderSpec = 0;
			files = (
			);
			runOnlyForDeploymentPostprocessing = 1;
		};
		3EC7F6D421587BE100B4090A /* CopyFiles */ = {
			isa = PBXCopyFilesBuildPhase;
			buildActionMask = 2147483647;
			dstPath = /usr/share/man/man1/;
			dstSubfolderSpec = 0;
			files = (
			);
			runOnlyForDeploymentPostprocessing = 1;
		};
/* End PBXCopyFilesBuildPhase section */

/* Begin PBXFileReference section */
		3E62A2972159A79400839E92 /* a.out */ = {isa = PBXFileReference; lastKnownFileType = "compiled.mach-o.executable"; path = a.out; sourceTree = "<group>"; };
		3E71D13D21587E7500D47FF3 /* medianDemo */ = {isa = PBXFileReference; explicitFileType = "compiled.mach-o.executable"; includeInIndex = 0; path = medianDemo; sourceTree = BUILT_PRODUCTS_DIR; };
		3E71D13F21587E7500D47FF3 /* main.cpp */ = {isa = PBXFileReference; lastKnownFileType = sourcecode.cpp.cpp; path = main.cpp; sourceTree = "<group>"; };
		3E71D1482159A1DC00D47FF3 /* child */ = {isa = PBXFileReference; explicitFileType = "compiled.mach-o.executable"; includeInIndex = 0; path = child; sourceTree = BUILT_PRODUCTS_DIR; };
		3E71D14A2159A1DC00D47FF3 /* main.cpp */ = {isa = PBXFileReference; lastKnownFileType = sourcecode.cpp.cpp; path = main.cpp; sourceTree = "<group>"; };
		3EC7F6A8215855C100B4090A /* Pipe */ = {isa = PBXFileReference; explicitFileType = "compiled.mach-o.executable"; includeInIndex = 0; path = Pipe; sourceTree = BUILT_PRODUCTS_DIR; };
		3EC7F6AB215855C100B4090A /* main.cpp */ = {isa = PBXFileReference; lastKnownFileType = sourcecode.cpp.cpp; path = main.cpp; sourceTree = "<group>"; };
		3EC7F6B6215858D200B4090A /* pipe2 */ = {isa = PBXFileReference; explicitFileType = "compiled.mach-o.executable"; includeInIndex = 0; path = pipe2; sourceTree = BUILT_PRODUCTS_DIR; };
		3EC7F6B8215858D200B4090A /* main.cpp */ = {isa = PBXFileReference; lastKnownFileType = sourcecode.cpp.cpp; path = main.cpp; sourceTree = "<group>"; };
		3EC7F6C1215860A600B4090A /* median */ = {isa = PBXFileReference; explicitFileType = "compiled.mach-o.executable"; includeInIndex = 0; path = median; sourceTree = BUILT_PRODUCTS_DIR; };
		3EC7F6C3215860A600B4090A /* main.cpp */ = {isa = PBXFileReference; lastKnownFileType = sourcecode.cpp.cpp; path = main.cpp; sourceTree = "<group>"; };
		3EC7F6CD21586DDC00B4090A /* input_3.txt */ = {isa = PBXFileReference; fileEncoding = 4; lastKnownFileType = text; path = input_3.txt; sourceTree = "<group>"; };
		3EC7F6CE21586DDD00B4090A /* input_1.txt */ = {isa = PBXFileReference; fileEncoding = 4; lastKnownFileType = text; path = input_1.txt; sourceTree = "<group>"; };
		3EC7F6CF21586DDD00B4090A /* input_4.txt */ = {isa = PBXFileReference; fileEncoding = 4; lastKnownFileType = text; path = input_4.txt; sourceTree = "<group>"; };
		3EC7F6D021586DDD00B4090A /* input_5.txt */ = {isa = PBXFileReference; fileEncoding = 4; lastKnownFileType = text; path = input_5.txt; sourceTree = "<group>"; };
		3EC7F6D121586DDD00B4090A /* input_2.txt */ = {isa = PBXFileReference; fileEncoding = 4; lastKnownFileType = text; path = input_2.txt; sourceTree = "<group>"; };
		3EC7F6D621587BE100B4090A /* testDemo */ = {isa = PBXFileReference; explicitFileType = "compiled.mach-o.executable"; includeInIndex = 0; path = testDemo; sourceTree = BUILT_PRODUCTS_DIR; };
		3EC7F6D821587BE100B4090A /* main.cpp */ = {isa = PBXFileReference; lastKnownFileType = sourcecode.cpp.cpp; path = main.cpp; sourceTree = "<group>"; };
/* End PBXFileReference section */

/* Begin PBXFrameworksBuildPhase section */
		3E71D13A21587E7500D47FF3 /* Frameworks */ = {
			isa = PBXFrameworksBuildPhase;
			buildActionMask = 2147483647;
			files = (
			);
			runOnlyForDeploymentPostprocessing = 0;
		};
		3E71D1452159A1DC00D47FF3 /* Frameworks */ = {
			isa = PBXFrameworksBuildPhase;
			buildActionMask = 2147483647;
			files = (
			);
			runOnlyForDeploymentPostprocessing = 0;
		};
		3EC7F6A5215855C100B4090A /* Frameworks */ = {
			isa = PBXFrameworksBuildPhase;
			buildActionMask = 2147483647;
			files = (
			);
			runOnlyForDeploymentPostprocessing = 0;
		};
		3EC7F6B3215858D200B4090A /* Frameworks */ = {
			isa = PBXFrameworksBuildPhase;
			buildActionMask = 2147483647;
			files = (
			);
			runOnlyForDeploymentPostprocessing = 0;
		};
		3EC7F6BE215860A600B4090A /* Frameworks */ = {
			isa = PBXFrameworksBuildPhase;
			buildActionMask = 2147483647;
			files = (
			);
			runOnlyForDeploymentPostprocessing = 0;
		};
		3EC7F6D321587BE100B4090A /* Frameworks */ = {
			isa = PBXFrameworksBuildPhase;
			buildActionMask = 2147483647;
			files = (
			);
			runOnlyForDeploymentPostprocessing = 0;
		};
/* End PBXFrameworksBuildPhase section */

/* Begin PBXGroup section */
		3E71D13E21587E7500D47FF3 /* medianDemo */ = {
			isa = PBXGroup;
			children = (
				3E71D13F21587E7500D47FF3 /* main.cpp */,
			);
			path = medianDemo;
			sourceTree = "<group>";
		};
		3E71D1492159A1DC00D47FF3 /* child */ = {
			isa = PBXGroup;
			children = (
				3E62A2972159A79400839E92 /* a.out */,
				3E71D14A2159A1DC00D47FF3 /* main.cpp */,
			);
			path = child;
			sourceTree = "<group>";
		};
		3EC7F69F215855C100B4090A = {
			isa = PBXGroup;
			children = (
				3EC7F6AA215855C100B4090A /* Pipe */,
				3EC7F6B7215858D200B4090A /* pipe2 */,
				3EC7F6C2215860A600B4090A /* median */,
				3EC7F6D721587BE100B4090A /* testDemo */,
				3E71D13E21587E7500D47FF3 /* medianDemo */,
				3E71D1492159A1DC00D47FF3 /* child */,
				3EC7F6A9215855C100B4090A /* Products */,
			);
			sourceTree = "<group>";
		};
		3EC7F6A9215855C100B4090A /* Products */ = {
			isa = PBXGroup;
			children = (
				3EC7F6A8215855C100B4090A /* Pipe */,
				3EC7F6B6215858D200B4090A /* pipe2 */,
				3EC7F6C1215860A600B4090A /* median */,
				3EC7F6D621587BE100B4090A /* testDemo */,
				3E71D13D21587E7500D47FF3 /* medianDemo */,
				3E71D1482159A1DC00D47FF3 /* child */,
			);
			name = Products;
			sourceTree = "<group>";
		};
		3EC7F6AA215855C100B4090A /* Pipe */ = {
			isa = PBXGroup;
			children = (
				3EC7F6AB215855C100B4090A /* main.cpp */,
			);
			path = Pipe;
			sourceTree = "<group>";
		};
		3EC7F6B7215858D200B4090A /* pipe2 */ = {
			isa = PBXGroup;
			children = (
				3EC7F6B8215858D200B4090A /* main.cpp */,
			);
			path = pipe2;
			sourceTree = "<group>";
		};
		3EC7F6C2215860A600B4090A /* median */ = {
			isa = PBXGroup;
			children = (
				3EC7F6CE21586DDD00B4090A /* input_1.txt */,
				3EC7F6D121586DDD00B4090A /* input_2.txt */,
				3EC7F6CD21586DDC00B4090A /* input_3.txt */,
				3EC7F6CF21586DDD00B4090A /* input_4.txt */,
				3EC7F6D021586DDD00B4090A /* input_5.txt */,
				3EC7F6C3215860A600B4090A /* main.cpp */,
			);
			path = median;
			sourceTree = "<group>";
		};
		3EC7F6D721587BE100B4090A /* testDemo */ = {
			isa = PBXGroup;
			children = (
				3EC7F6D821587BE100B4090A /* main.cpp */,
			);
			path = testDemo;
			sourceTree = "<group>";
		};
/* End PBXGroup section */

/* Begin PBXNativeTarget section */
		3E71D13C21587E7500D47FF3 /* medianDemo */ = {
			isa = PBXNativeTarget;
			buildConfigurationList = 3E71D14321587E7500D47FF3 /* Build configuration list for PBXNativeTarget "medianDemo" */;
			buildPhases = (
				3E71D13921587E7500D47FF3 /* Sources */,
				3E71D13A21587E7500D47FF3 /* Frameworks */,
				3E71D13B21587E7500D47FF3 /* CopyFiles */,
			);
			buildRules = (
			);
			dependencies = (
			);
			name = medianDemo;
			productName = medianDemo;
			productReference = 3E71D13D21587E7500D47FF3 /* medianDemo */;
			productType = "com.apple.product-type.tool";
		};
		3E71D1472159A1DC00D47FF3 /* child */ = {
			isa = PBXNativeTarget;
			buildConfigurationList = 3E71D14C2159A1DC00D47FF3 /* Build configuration list for PBXNativeTarget "child" */;
			buildPhases = (
				3E71D1442159A1DC00D47FF3 /* Sources */,
				3E71D1452159A1DC00D47FF3 /* Frameworks */,
				3E71D1462159A1DC00D47FF3 /* CopyFiles */,
			);
			buildRules = (
			);
			dependencies = (
			);
			name = child;
			productName = child;
			productReference = 3E71D1482159A1DC00D47FF3 /* child */;
			productType = "com.apple.product-type.tool";
		};
		3EC7F6A7215855C100B4090A /* Pipe */ = {
			isa = PBXNativeTarget;
			buildConfigurationList = 3EC7F6AF215855C100B4090A /* Build configuration list for PBXNativeTarget "Pipe" */;
			buildPhases = (
				3EC7F6A4215855C100B4090A /* Sources */,
				3EC7F6A5215855C100B4090A /* Frameworks */,
				3EC7F6A6215855C100B4090A /* CopyFiles */,
			);
			buildRules = (
			);
			dependencies = (
			);
			name = Pipe;
			productName = Pipe;
			productReference = 3EC7F6A8215855C100B4090A /* Pipe */;
			productType = "com.apple.product-type.tool";
		};
		3EC7F6B5215858D200B4090A /* pipe2 */ = {
			isa = PBXNativeTarget;
			buildConfigurationList = 3EC7F6BA215858D200B4090A /* Build configuration list for PBXNativeTarget "pipe2" */;
			buildPhases = (
				3EC7F6B2215858D200B4090A /* Sources */,
				3EC7F6B3215858D200B4090A /* Frameworks */,
				3EC7F6B4215858D200B4090A /* CopyFiles */,
			);
			buildRules = (
			);
			dependencies = (
			);
			name = pipe2;
			productName = pipe2;
			productReference = 3EC7F6B6215858D200B4090A /* pipe2 */;
			productType = "com.apple.product-type.tool";
		};
		3EC7F6C0215860A600B4090A /* median */ = {
			isa = PBXNativeTarget;
			buildConfigurationList = 3EC7F6C5215860A600B4090A /* Build configuration list for PBXNativeTarget "median" */;
			buildPhases = (
				3EC7F6BD215860A600B4090A /* Sources */,
				3EC7F6BE215860A600B4090A /* Frameworks */,
				3EC7F6BF215860A600B4090A /* CopyFiles */,
			);
			buildRules = (
			);
			dependencies = (
			);
			name = median;
			productName = median;
			productReference = 3EC7F6C1215860A600B4090A /* median */;
			productType = "com.apple.product-type.tool";
		};
		3EC7F6D521587BE100B4090A /* testDemo */ = {
			isa = PBXNativeTarget;
			buildConfigurationList = 3EC7F6DA21587BE100B4090A /* Build configuration list for PBXNativeTarget "testDemo" */;
			buildPhases = (
				3EC7F6D221587BE100B4090A /* Sources */,
				3EC7F6D321587BE100B4090A /* Frameworks */,
				3EC7F6D421587BE100B4090A /* CopyFiles */,
			);
			buildRules = (
			);
			dependencies = (
			);
			name = testDemo;
			productName = testDemo;
			productReference = 3EC7F6D621587BE100B4090A /* testDemo */;
			productType = "com.apple.product-type.tool";
		};
/* End PBXNativeTarget section */

/* Begin PBXProject section */
		3EC7F6A0215855C100B4090A /* Project object */ = {
			isa = PBXProject;
			attributes = {
				LastUpgradeCheck = 1000;
				ORGANIZATIONNAME = WillJia;
				TargetAttributes = {
					3E71D13C21587E7500D47FF3 = {
						CreatedOnToolsVersion = 10.0;
					};
					3E71D1472159A1DC00D47FF3 = {
						CreatedOnToolsVersion = 10.0;
					};
					3EC7F6A7215855C100B4090A = {
						CreatedOnToolsVersion = 10.0;
					};
					3EC7F6B5215858D200B4090A = {
						CreatedOnToolsVersion = 10.0;
					};
					3EC7F6C0215860A600B4090A = {
						CreatedOnToolsVersion = 10.0;
					};
					3EC7F6D521587BE100B4090A = {
						CreatedOnToolsVersion = 10.0;
					};
				};
			};
			buildConfigurationList = 3EC7F6A3215855C100B4090A /* Build configuration list for PBXProject "Pipe" */;
			compatibilityVersion = "Xcode 9.3";
			developmentRegion = en;
			hasScannedForEncodings = 0;
			knownRegions = (
				en,
			);
			mainGroup = 3EC7F69F215855C100B4090A;
			productRefGroup = 3EC7F6A9215855C100B4090A /* Products */;
			projectDirPath = "";
			projectRoot = "";
			targets = (
				3EC7F6A7215855C100B4090A /* Pipe */,
				3EC7F6B5215858D200B4090A /* pipe2 */,
				3EC7F6C0215860A600B4090A /* median */,
				3EC7F6D521587BE100B4090A /* testDemo */,
				3E71D13C21587E7500D47FF3 /* medianDemo */,
				3E71D1472159A1DC00D47FF3 /* child */,
			);
		};
/* End PBXProject section */

/* Begin PBXSourcesBuildPhase section */
		3E71D13921587E7500D47FF3 /* Sources */ = {
			isa = PBXSourcesBuildPhase;
			buildActionMask = 2147483647;
			files = (
				3E71D14021587E7500D47FF3 /* main.cpp in Sources */,
			);
			runOnlyForDeploymentPostprocessing = 0;
		};
		3E71D1442159A1DC00D47FF3 /* Sources */ = {
			isa = PBXSourcesBuildPhase;
			buildActionMask = 2147483647;
			files = (
				3E71D14B2159A1DC00D47FF3 /* main.cpp in Sources */,
			);
			runOnlyForDeploymentPostprocessing = 0;
		};
		3EC7F6A4215855C100B4090A /* Sources */ = {
			isa = PBXSourcesBuildPhase;
			buildActionMask = 2147483647;
			files = (
				3EC7F6AC215855C100B4090A /* main.cpp in Sources */,
			);
			runOnlyForDeploymentPostprocessing = 0;
		};
		3EC7F6B2215858D200B4090A /* Sources */ = {
			isa = PBXSourcesBuildPhase;
			buildActionMask = 2147483647;
			files = (
				3EC7F6B9215858D200B4090A /* main.cpp in Sources */,
			);
			runOnlyForDeploymentPostprocessing = 0;
		};
		3EC7F6BD215860A600B4090A /* Sources */ = {
			isa = PBXSourcesBuildPhase;
			buildActionMask = 2147483647;
			files = (
				3EC7F6C4215860A600B4090A /* main.cpp in Sources */,
			);
			runOnlyForDeploymentPostprocessing = 0;
		};
		3EC7F6D221587BE100B4090A /* Sources */ = {
			isa = PBXSourcesBuildPhase;
			buildActionMask = 2147483647;
			files = (
				3EC7F6D921587BE100B4090A /* main.cpp in Sources */,
			);
			runOnlyForDeploymentPostprocessing = 0;
		};
/* End PBXSourcesBuildPhase section */

/* Begin XCBuildConfiguration section */
		3E71D14121587E7500D47FF3 /* Debug */ = {
			isa = XCBuildConfiguration;
			buildSettings = {
				CODE_SIGN_STYLE = Automatic;
				DEVELOPMENT_TEAM = YF88RW88TG;
				PRODUCT_NAME = "$(TARGET_NAME)";
			};
			name = Debug;
		};
		3E71D14221587E7500D47FF3 /* Release */ = {
			isa = XCBuildConfiguration;
			buildSettings = {
				CODE_SIGN_STYLE = Automatic;
				DEVELOPMENT_TEAM = YF88RW88TG;
				PRODUCT_NAME = "$(TARGET_NAME)";
			};
			name = Release;
		};
		3E71D14D2159A1DC00D47FF3 /* Debug */ = {
			isa = XCBuildConfiguration;
			buildSettings = {
				CODE_SIGN_STYLE = Automatic;
				DEVELOPMENT_TEAM = YF88RW88TG;
				PRODUCT_NAME = "$(TARGET_NAME)";
			};
			name = Debug;
		};
		3E71D14E2159A1DC00D47FF3 /* Release */ = {
			isa = XCBuildConfiguration;
			buildSettings = {
				CODE_SIGN_STYLE = Automatic;
				DEVELOPMENT_TEAM = YF88RW88TG;
				PRODUCT_NAME = "$(TARGET_NAME)";
			};
			name = Release;
		};
		3EC7F6AD215855C100B4090A /* Debug */ = {
			isa = XCBuildConfiguration;
			buildSettings = {
				ALWAYS_SEARCH_USER_PATHS = NO;
				CLANG_ANALYZER_NONNULL = YES;
				CLANG_ANALYZER_NUMBER_OBJECT_CONVERSION = YES_AGGRESSIVE;
				CLANG_CXX_LANGUAGE_STANDARD = "gnu++14";
				CLANG_CXX_LIBRARY = "libc++";
				CLANG_ENABLE_MODULES = YES;
				CLANG_ENABLE_OBJC_ARC = YES;
				CLANG_ENABLE_OBJC_WEAK = YES;
				CLANG_WARN_BLOCK_CAPTURE_AUTORELEASING = YES;
				CLANG_WARN_BOOL_CONVERSION = YES;
				CLANG_WARN_COMMA = YES;
				CLANG_WARN_CONSTANT_CONVERSION = YES;
				CLANG_WARN_DEPRECATED_OBJC_IMPLEMENTATIONS = YES;
				CLANG_WARN_DIRECT_OBJC_ISA_USAGE = YES_ERROR;
				CLANG_WARN_DOCUMENTATION_COMMENTS = YES;
				CLANG_WARN_EMPTY_BODY = YES;
				CLANG_WARN_ENUM_CONVERSION = YES;
				CLANG_WARN_INFINITE_RECURSION = YES;
				CLANG_WARN_INT_CONVERSION = YES;
				CLANG_WARN_NON_LITERAL_NULL_CONVERSION = YES;
				CLANG_WARN_OBJC_IMPLICIT_RETAIN_SELF = YES;
				CLANG_WARN_OBJC_LITERAL_CONVERSION = YES;
				CLANG_WARN_OBJC_ROOT_CLASS = YES_ERROR;
				CLANG_WARN_RANGE_LOOP_ANALYSIS = YES;
				CLANG_WARN_STRICT_PROTOTYPES = YES;
				CLANG_WARN_SUSPICIOUS_MOVE = YES;
				CLANG_WARN_UNGUARDED_AVAILABILITY = YES_AGGRESSIVE;
				CLANG_WARN_UNREACHABLE_CODE = YES;
				CLANG_WARN__DUPLICATE_METHOD_MATCH = YES;
				CODE_SIGN_IDENTITY = "Mac Developer";
				COPY_PHASE_STRIP = NO;
				DEBUG_INFORMATION_FORMAT = dwarf;
				ENABLE_STRICT_OBJC_MSGSEND = YES;
				ENABLE_TESTABILITY = YES;
				GCC_C_LANGUAGE_STANDARD = gnu11;
				GCC_DYNAMIC_NO_PIC = NO;
				GCC_NO_COMMON_BLOCKS = YES;
				GCC_OPTIMIZATION_LEVEL = 0;
				GCC_PREPROCESSOR_DEFINITIONS = (
					"DEBUG=1",
					"$(inherited)",
				);
				GCC_WARN_64_TO_32_BIT_CONVERSION = YES;
				GCC_WARN_ABOUT_RETURN_TYPE = YES_ERROR;
				GCC_WARN_UNDECLARED_SELECTOR = YES;
				GCC_WARN_UNINITIALIZED_AUTOS = YES_AGGRESSIVE;
				GCC_WARN_UNUSED_FUNCTION = YES;
				GCC_WARN_UNUSED_VARIABLE = YES;
				MACOSX_DEPLOYMENT_TARGET = 10.13;
				MTL_ENABLE_DEBUG_INFO = INCLUDE_SOURCE;
				MTL_FAST_MATH = YES;
				ONLY_ACTIVE_ARCH = YES;
				SDKROOT = macosx;
			};
			name = Debug;
		};
		3EC7F6AE215855C100B4090A /* Release */ = {
			isa = XCBuildConfiguration;
			buildSettings = {
				ALWAYS_SEARCH_USER_PATHS = NO;
				CLANG_ANALYZER_NONNULL = YES;
				CLANG_ANALYZER_NUMBER_OBJECT_CONVERSION = YES_AGGRESSIVE;
				CLANG_CXX_LANGUAGE_STANDARD = "gnu++14";
				CLANG_CXX_LIBRARY = "libc++";
				CLANG_ENABLE_MODULES = YES;
				CLANG_ENABLE_OBJC_ARC = YES;
				CLANG_ENABLE_OBJC_WEAK = YES;
				CLANG_WARN_BLOCK_CAPTURE_AUTORELEASING = YES;
				CLANG_WARN_BOOL_CONVERSION = YES;
				CLANG_WARN_COMMA = YES;
				CLANG_WARN_CONSTANT_CONVERSION = YES;
				CLANG_WARN_DEPRECATED_OBJC_IMPLEMENTATIONS = YES;
				CLANG_WARN_DIRECT_OBJC_ISA_USAGE = YES_ERROR;
				CLANG_WARN_DOCUMENTATION_COMMENTS = YES;
				CLANG_WARN_EMPTY_BODY = YES;
				CLANG_WARN_ENUM_CONVERSION = YES;
				CLANG_WARN_INFINITE_RECURSION = YES;
				CLANG_WARN_INT_CONVERSION = YES;
				CLANG_WARN_NON_LITERAL_NULL_CONVERSION = YES;
				CLANG_WARN_OBJC_IMPLICIT_RETAIN_SELF = YES;
				CLANG_WARN_OBJC_LITERAL_CONVERSION = YES;
				CLANG_WARN_OBJC_ROOT_CLASS = YES_ERROR;
				CLANG_WARN_RANGE_LOOP_ANALYSIS = YES;
				CLANG_WARN_STRICT_PROTOTYPES = YES;
				CLANG_WARN_SUSPICIOUS_MOVE = YES;
				CLANG_WARN_UNGUARDED_AVAILABILITY = YES_AGGRESSIVE;
				CLANG_WARN_UNREACHABLE_CODE = YES;
				CLANG_WARN__DUPLICATE_METHOD_MATCH = YES;
				CODE_SIGN_IDENTITY = "Mac Developer";
				COPY_PHASE_STRIP = NO;
				DEBUG_INFORMATION_FORMAT = "dwarf-with-dsym";
				ENABLE_NS_ASSERTIONS = NO;
				ENABLE_STRICT_OBJC_MSGSEND = YES;
				GCC_C_LANGUAGE_STANDARD = gnu11;
				GCC_NO_COMMON_BLOCKS = YES;
				GCC_WARN_64_TO_32_BIT_CONVERSION = YES;
				GCC_WARN_ABOUT_RETURN_TYPE = YES_ERROR;
				GCC_WARN_UNDECLARED_SELECTOR = YES;
				GCC_WARN_UNINITIALIZED_AUTOS = YES_AGGRESSIVE;
				GCC_WARN_UNUSED_FUNCTION = YES;
				GCC_WARN_UNUSED_VARIABLE = YES;
				MACOSX_DEPLOYMENT_TARGET = 10.13;
				MTL_ENABLE_DEBUG_INFO = NO;
				MTL_FAST_MATH = YES;
				SDKROOT = macosx;
			};
			name = Release;
		};
		3EC7F6B0215855C100B4090A /* Debug */ = {
			isa = XCBuildConfiguration;
			buildSettings = {
				CODE_SIGN_STYLE = Automatic;
				DEVELOPMENT_TEAM = YF88RW88TG;
				PRODUCT_NAME = "$(TARGET_NAME)";
			};
			name = Debug;
		};
		3EC7F6B1215855C100B4090A /* Release */ = {
			isa = XCBuildConfiguration;
			buildSettings = {
				CODE_SIGN_STYLE = Automatic;
				DEVELOPMENT_TEAM = YF88RW88TG;
				PRODUCT_NAME = "$(TARGET_NAME)";
			};
			name = Release;
		};
		3EC7F6BB215858D200B4090A /* Debug */ = {
			isa = XCBuildConfiguration;
			buildSettings = {
				CODE_SIGN_STYLE = Automatic;
				DEVELOPMENT_TEAM = YF88RW88TG;
				PRODUCT_NAME = "$(TARGET_NAME)";
			};
			name = Debug;
		};
		3EC7F6BC215858D200B4090A /* Release */ = {
			isa = XCBuildConfiguration;
			buildSettings = {
				CODE_SIGN_STYLE = Automatic;
				DEVELOPMENT_TEAM = YF88RW88TG;
				PRODUCT_NAME = "$(TARGET_NAME)";
			};
			name = Release;
		};
		3EC7F6C6215860A600B4090A /* Debug */ = {
			isa = XCBuildConfiguration;
			buildSettings = {
				CODE_SIGN_STYLE = Automatic;
				DEVELOPMENT_TEAM = YF88RW88TG;
				PRODUCT_NAME = "$(TARGET_NAME)";
			};
			name = Debug;
		};
		3EC7F6C7215860A600B4090A /* Release */ = {
			isa = XCBuildConfiguration;
			buildSettings = {
				CODE_SIGN_STYLE = Automatic;
				DEVELOPMENT_TEAM = YF88RW88TG;
				PRODUCT_NAME = "$(TARGET_NAME)";
			};
			name = Release;
		};
		3EC7F6DB21587BE100B4090A /* Debug */ = {
			isa = XCBuildConfiguration;
			buildSettings = {
				CODE_SIGN_STYLE = Automatic;
				DEVELOPMENT_TEAM = YF88RW88TG;
				PRODUCT_NAME = "$(TARGET_NAME)";
			};
			name = Debug;
		};
		3EC7F6DC21587BE100B4090A /* Release */ = {
			isa = XCBuildConfiguration;
			buildSettings = {
				CODE_SIGN_STYLE = Automatic;
				DEVELOPMENT_TEAM = YF88RW88TG;
				PRODUCT_NAME = "$(TARGET_NAME)";
			};
			name = Release;
		};
/* End XCBuildConfiguration section */

/* Begin XCConfigurationList section */
		3E71D14321587E7500D47FF3 /* Build configuration list for PBXNativeTarget "medianDemo" */ = {
			isa = XCConfigurationList;
			buildConfigurations = (
				3E71D14121587E7500D47FF3 /* Debug */,
				3E71D14221587E7500D47FF3 /* Release */,
			);
			defaultConfigurationIsVisible = 0;
			defaultConfigurationName = Release;
		};
		3E71D14C2159A1DC00D47FF3 /* Build configuration list for PBXNativeTarget "child" */ = {
			isa = XCConfigurationList;
			buildConfigurations = (
				3E71D14D2159A1DC00D47FF3 /* Debug */,
				3E71D14E2159A1DC00D47FF3 /* Release */,
			);
			defaultConfigurationIsVisible = 0;
			defaultConfigurationName = Release;
		};
		3EC7F6A3215855C100B4090A /* Build configuration list for PBXProject "Pipe" */ = {
			isa = XCConfigurationList;
			buildConfigurations = (
				3EC7F6AD215855C100B4090A /* Debug */,
				3EC7F6AE215855C100B4090A /* Release */,
			);
			defaultConfigurationIsVisible = 0;
			defaultConfigurationName = Release;
		};
		3EC7F6AF215855C100B4090A /* Build configuration list for PBXNativeTarget "Pipe" */ = {
			isa = XCConfigurationList;
			buildConfigurations = (
				3EC7F6B0215855C100B4090A /* Debug */,
				3EC7F6B1215855C100B4090A /* Release */,
			);
			defaultConfigurationIsVisible = 0;
			defaultConfigurationName = Release;
		};
		3EC7F6BA215858D200B4090A /* Build configuration list for PBXNativeTarget "pipe2" */ = {
			isa = XCConfigurationList;
			buildConfigurations = (
				3EC7F6BB215858D200B4090A /* Debug */,
				3EC7F6BC215858D200B4090A /* Release */,
			);
			defaultConfigurationIsVisible = 0;
			defaultConfigurationName = Release;
		};
		3EC7F6C5215860A600B4090A /* Build configuration list for PBXNativeTarget "median" */ = {
			isa = XCConfigurationList;
			buildConfigurations = (
				3EC7F6C6215860A600B4090A /* Debug */,
				3EC7F6C7215860A600B4090A /* Release */,
			);
			defaultConfigurationIsVisible = 0;
			defaultConfigurationName = Release;
		};
		3EC7F6DA21587BE100B4090A /* Build configuration list for PBXNativeTarget "testDemo" */ = {
			isa = XCConfigurationList;
			buildConfigurations = (
				3EC7F6DB21587BE100B4090A /* Debug */,
				3EC7F6DC21587BE100B4090A /* Release */,
			);
			defaultConfigurationIsVisible = 0;
			defaultConfigurationName = Release;
		};
/* End XCConfigurationList section */
	};
	rootObject = 3EC7F6A0215855C100B4090A /* Project object */;
}
